{
  "lockfileVersion": 1,
  "configVersion": 1,
  "workspaces": {
    "": {
      "name": "tsgolint",
      "dependencies": {
        "effect": "4.0.0-beta.49",
      },
      "devDependencies": {
        "@types/node": "^24.10.0",
        "dprint": "^0.54.0",
      },
    },
  },
  "packages": {
    "@dprint/darwin-arm64": ["@dprint/darwin-arm64@0.54.0", "", { "os": "darwin", "cpu": "arm64" }, "sha512-yqRI4enH+BDp+4+ZsPVdZM5h873JK1lN7li9l9A5u4C4cvh1oEsiBWAzEPccRkJ2ctF8LgaizBSxO38sqEVYbw=="],

    "@dprint/darwin-x64": ["@dprint/darwin-x64@0.54.0", "", { "os": "darwin", "cpu": "x64" }, "sha512-W9BARpgHypcQwatg5mnHaCpX6pLX5dBxxiv+tZKruhOmq8MKYOrAYDXlceMuHSowmWREfUF5yL4SRgXDGI6WQw=="],

    "@dprint/linux-arm64-glibc": ["@dprint/linux-arm64-glibc@0.54.0", "", { "os": "linux", "cpu": "arm64" }, "sha512-VhM7p70VFuNqxZMdiv1e+nMboPj/hMFlTIBWrRaX7+6VThs9mJr9+94wrUeXgfnfsyaEKSbRFa/dru1PINoSNw=="],

    "@dprint/linux-arm64-musl": ["@dprint/linux-arm64-musl@0.54.0", "", { "os": "linux", "cpu": "arm64" }, "sha512-QS1A74Lv60/L9oemHCzbHgOLbV2smSJG5IxS5fjf8ZWetyUt918WDzIHBilz/+uiB+OlW2UVTsm952UG0YOrLw=="],

    "@dprint/linux-loong64-glibc": ["@dprint/linux-loong64-glibc@0.54.0", "", { "os": "linux", "cpu": "none" }, "sha512-8Myka2/0KbhuZnEKL6jagPXTgDKVpd/tfXDRa0oibUBgaqOSku6iRMzHGa/PhqHL+s14Gcp+/cIHz0zU3Tkgug=="],

    "@dprint/linux-loong64-musl": ["@dprint/linux-loong64-musl@0.54.0", "", { "os": "linux", "cpu": "none" }, "sha512-/AN3xCuMhC4PK7Pbj7/4zBuhFGr4m0OHV/5uGTfzpkKX/3+AXoyKl7PbT2VlNMGXAK0kuRThfjtx23gIwlWk7Q=="],

    "@dprint/linux-riscv64-glibc": ["@dprint/linux-riscv64-glibc@0.54.0", "", { "os": "linux", "cpu": "none" }, "sha512-Aw2vXzzwFDpPbXh6ajsSabVCkCc66C3hCyMKprR/IxYvFtjYX80nh1ox0c7iaw6c4HacHMRLGw7FUSXvomPaEQ=="],

    "@dprint/linux-x64-glibc": ["@dprint/linux-x64-glibc@0.54.0", "", { "os": "linux", "cpu": "x64" }, "sha512-zZqj3wQELOX8n6QfT2uuWoMf64Wv0lMXNyam3btm+PKkg0P6a54TPL09Bs9XsViOdxgTcamsiQ7HlErt/LEjIA=="],

    "@dprint/linux-x64-musl": ["@dprint/linux-x64-musl@0.54.0", "", { "os": "linux", "cpu": "x64" }, "sha512-it6Qdt06dyW2adbAXpOCb7/KQLxlm4i1UphUAWqWsZk4t3EYetyAza9J0g3Vu9itIWSEIo9MnccgANckQJ6+qw=="],

    "@dprint/win32-arm64": ["@dprint/win32-arm64@0.54.0", "", { "os": "win32", "cpu": "arm64" }, "sha512-F5kjV/6I9YtNOTDWHUpTqM2HHHS510BPL7z4NJuU0nDnaVeks7GwNEltGr56CcsG8XQYhkiAsqZytPu6AhA2hQ=="],

    "@dprint/win32-x64": ["@dprint/win32-x64@0.54.0", "", { "os": "win32", "cpu": "x64" }, "sha512-AAr2ye/DtgYXDplRoPS+5U++x7T6W4a3I9FvTFWFxziFmUptvAg5G2c4FcXoAduSruhYZJvjDZrLseR2c3IwXg=="],

    "@msgpackr-extract/msgpackr-extract-darwin-arm64": ["@msgpackr-extract/msgpackr-extract-darwin-arm64@3.0.3", "", { "os": "darwin", "cpu": "arm64" }, "sha512-QZHtlVgbAdy2zAqNA9Gu1UpIuI8Xvsd1v8ic6B2pZmeFnFcMWiPLfWXh7TVw4eGEZ/C9TH281KwhVoeQUKbyjw=="],

    "@msgpackr-extract/msgpackr-extract-darwin-x64": ["@msgpackr-extract/msgpackr-extract-darwin-x64@3.0.3", "", { "os": "darwin", "cpu": "x64" }, "sha512-mdzd3AVzYKuUmiWOQ8GNhl64/IoFGol569zNRdkLReh6LRLHOXxU4U8eq0JwaD8iFHdVGqSy4IjFL4reoWCDFw=="],

    "@msgpackr-extract/msgpackr-extract-linux-arm": ["@msgpackr-extract/msgpackr-extract-linux-arm@3.0.3", "", { "os": "linux", "cpu": "arm" }, "sha512-fg0uy/dG/nZEXfYilKoRe7yALaNmHoYeIoJuJ7KJ+YyU2bvY8vPv27f7UKhGRpY6euFYqEVhxCFZgAUNQBM3nw=="],

    "@msgpackr-extract/msgpackr-extract-linux-arm64": ["@msgpackr-extract/msgpackr-extract-linux-arm64@3.0.3", "", { "os": "linux", "cpu": "arm64" }, "sha512-YxQL+ax0XqBJDZiKimS2XQaf+2wDGVa1enVRGzEvLLVFeqa5kx2bWbtcSXgsxjQB7nRqqIGFIcLteF/sHeVtQg=="],

    "@msgpackr-extract/msgpackr-extract-linux-x64": ["@msgpackr-extract/msgpackr-extract-linux-x64@3.0.3", "", { "os": "linux", "cpu": "x64" }, "sha512-cvwNfbP07pKUfq1uH+S6KJ7dT9K8WOE4ZiAcsrSes+UY55E/0jLYc+vq+DO7jlmqRb5zAggExKm0H7O/CBaesg=="],

    "@msgpackr-extract/msgpackr-extract-win32-x64": ["@msgpackr-extract/msgpackr-extract-win32-x64@3.0.3", "", { "os": "win32", "cpu": "x64" }, "sha512-x0fWaQtYp4E6sktbsdAqnehxDgEc/VwM7uLsRCYWaiGu0ykYdZPiS8zCWdnjHwyiumousxfBm4SO31eXqwEZhQ=="],

    "@standard-schema/spec": ["@standard-schema/spec@1.1.0", "", {}, "sha512-l2aFy5jALhniG5HgqrD6jXLi/rUWrKvqN/qJx6yoJsgKhblVd+iqqU4RCXavm/jPityDo5TCvKMnpjKnOriy0w=="],

    "@types/node": ["@types/node@24.10.3", "", { "dependencies": { "undici-types": "7.16.0" } }, "sha512-gqkrWUsS8hcm0r44yn7/xZeV1ERva/nLgrLxFRUGb7aoNMIJfZJ3AC261zDQuOAKC7MiXai1WCpYc48jAHoShQ=="],

    "detect-libc": ["detect-libc@2.1.2", "", {}, "sha512-Btj2BOOO83o3WyH59e8MgXsxEQVcarkUOpEYrubB0urwnN10yQ364rsiByU11nZlqWYZm05i/of7io4mzihBtQ=="],

    "dprint": ["dprint@0.54.0", "", { "optionalDependencies": { "@dprint/darwin-arm64": "0.54.0", "@dprint/darwin-x64": "0.54.0", "@dprint/linux-arm64-glibc": "0.54.0", "@dprint/linux-arm64-musl": "0.54.0", "@dprint/linux-loong64-glibc": "0.54.0", "@dprint/linux-loong64-musl": "0.54.0", "@dprint/linux-riscv64-glibc": "0.54.0", "@dprint/linux-x64-glibc": "0.54.0", "@dprint/linux-x64-musl": "0.54.0", "@dprint/win32-arm64": "0.54.0", "@dprint/win32-x64": "0.54.0" }, "bin": { "dprint": "bin.cjs" } }, "sha512-sIy25poR2gRP/tWPTgP0MPeJoJcpv0xzYDcsboapvthbEt1Qw3Al252CA0xFyIh2cYEGGKyBJtKokryv4ERlJw=="],

    "effect": ["effect@4.0.0-beta.49", "", { "dependencies": { "@standard-schema/spec": "^1.1.0", "fast-check": "^4.6.0", "find-my-way-ts": "^0.1.6", "ini": "^6.0.0", "kubernetes-types": "^1.30.0", "msgpackr": "^1.11.9", "multipasta": "^0.2.7", "toml": "^4.1.1", "uuid": "^13.0.0", "yaml": "^2.8.3" } }, "sha512-4+mx856l4zxJJ+ybVNamqjAAinYsTNDVGZ5H3kstqKhDxCBW7sK/mZTtHuI7azt5AXEKX2ZXsi3EPAQVnkZk0w=="],

    "fast-check": ["fast-check@4.6.0", "", { "dependencies": { "pure-rand": "^8.0.0" } }, "sha512-h7H6Dm0Fy+H4ciQYFxFjXnXkzR2kr9Fb22c0UBpHnm59K2zpr2t13aPTHlltFiNT6zuxp6HMPAVVvgur4BLdpA=="],

    "find-my-way-ts": ["find-my-way-ts@0.1.6", "", {}, "sha512-a85L9ZoXtNAey3Y6Z+eBWW658kO/MwR7zIafkIUPUMf3isZG0NCs2pjW2wtjxAKuJPxMAsHUIP4ZPGv0o5gyTA=="],

    "ini": ["ini@6.0.0", "", {}, "sha512-IBTdIkzZNOpqm7q3dRqJvMaldXjDHWkEDfrwGEQTs5eaQMWV+djAhR+wahyNNMAa+qpbDUhBMVt4ZKNwpPm7xQ=="],

    "kubernetes-types": ["kubernetes-types@1.30.0", "", {}, "sha512-Dew1okvhM/SQcIa2rcgujNndZwU8VnSapDgdxlYoB84ZlpAD43U6KLAFqYo17ykSFGHNPrg0qry0bP+GJd9v7Q=="],

    "msgpackr": ["msgpackr@1.11.9", "", { "optionalDependencies": { "msgpackr-extract": "^3.0.2" } }, "sha512-FkoAAyyA6HM8wL882EcEyFZ9s7hVADSwG9xrVx3dxxNQAtgADTrJoEWivID82Iv1zWDsv/OtbrrcZAzGzOMdNw=="],

    "msgpackr-extract": ["msgpackr-extract@3.0.3", "", { "dependencies": { "node-gyp-build-optional-packages": "5.2.2" }, "optionalDependencies": { "@msgpackr-extract/msgpackr-extract-darwin-arm64": "3.0.3", "@msgpackr-extract/msgpackr-extract-darwin-x64": "3.0.3", "@msgpackr-extract/msgpackr-extract-linux-arm": "3.0.3", "@msgpackr-extract/msgpackr-extract-linux-arm64": "3.0.3", "@msgpackr-extract/msgpackr-extract-linux-x64": "3.0.3", "@msgpackr-extract/msgpackr-extract-win32-x64": "3.0.3" }, "bin": { "download-msgpackr-prebuilds": "bin/download-prebuilds.js" } }, "sha512-P0efT1C9jIdVRefqjzOQ9Xml57zpOXnIuS+csaB4MdZbTdmGDLo8XhzBG1N7aO11gKDDkJvBLULeFTo46wwreA=="],

    "multipasta": ["multipasta@0.2.7", "", {}, "sha512-KPA58d68KgGil15oDqXjkUBEBYc00XvbPj5/X+dyzeo/lWm9Nc25pQRlf1D+gv4OpK7NM0J1odrbu9JNNGvynA=="],

    "node-gyp-build-optional-packages": ["node-gyp-build-optional-packages@5.2.2", "", { "dependencies": { "detect-libc": "^2.0.1" }, "bin": { "node-gyp-build-optional-packages": "bin.js", "node-gyp-build-optional-packages-optional": "optional.js", "node-gyp-build-optional-packages-test": "build-test.js" } }, "sha512-s+w+rBWnpTMwSFbaE0UXsRlg7hU4FjekKU4eyAih5T8nJuNZT1nNsskXpxmeqSK9UzkBl6UgRlnKc8hz8IEqOw=="],

    "pure-rand": ["pure-rand@8.4.0", "", {}, "sha512-IoM8YF/jY0hiugFo/wOWqfmarlE6J0wc6fDK1PhftMk7MGhVZl88sZimmqBBFomLOCSmcCCpsfj7wXASCpvK9A=="],

    "toml": ["toml@4.1.1", "", {}, "sha512-EBJnVBr3dTXdA89WVFoAIPUqkBjxPMwRqsfuo1r240tKFHXv3zgca4+NJib/h6TyvGF7vOawz0jGuryJCdNHrw=="],

    "undici-types": ["undici-types@7.16.0", "", {}, "sha512-Zz+aZWSj8LE6zoxD+xrjh4VfkIG8Ya6LvYkZqtUQGJPZjYl53ypCaUwWqo7eI0x66KBGeRo+mlBEkMSeSZ38Nw=="],

    "uuid": ["uuid@13.0.0", "", { "bin": { "uuid": "dist-node/bin/uuid" } }, "sha512-XQegIaBTVUjSHliKqcnFqYypAd4S+WCYt5NIeRs6w/UAry7z8Y9j5ZwRRL4kzq9U3sD6v+85er9FvkEaBpji2w=="],

    "yaml": ["yaml@2.8.3", "", { "bin": { "yaml": "bin.mjs" } }, "sha512-AvbaCLOO2Otw/lW5bmh9d/WEdcDFdQp2Z2ZUH3pX9U2ihyUY0nvLv7J6TrWowklRGPYbB/IuIMfYgxaCPg5Bpg=="],
  }
}
